// !$*UTF8*$!
{
	archiveVersion = 1;
	classes = {
	};
	objectVersion = 52;
	objects = {

/* Begin PBXBuildFile section */
		15EDB5D858BC1D43C48DC942 /* Pods_DronelinkAutel.framework in Frameworks */ = {isa = PBXBuildFile; fileRef = 8D12599568A2594D5DA52674 /* Pods_DronelinkAutel.framework */; };
		242F5AC5279CAE7C00986B5C /* AutelDroneSession+GimbalCommand.swift in Sources */ = {isa = PBXBuildFile; fileRef = 242F5ABB279CAE7B00986B5C /* AutelDroneSession+GimbalCommand.swift */; };
		242F5AC6279CAE7C00986B5C /* AutelDroneSession+RemoteControllerCommand.swift in Sources */ = {isa = PBXBuildFile; fileRef = 242F5ABC279CAE7B00986B5C /* AutelDroneSession+RemoteControllerCommand.swift */; };
		242F5AC7279CAE7C00986B5C /* AutelDroneSessionManager.swift in Sources */ = {isa = PBXBuildFile; fileRef = 242F5ABD279CAE7B00986B5C /* AutelDroneSessionManager.swift */; };
		242F5AC8279CAE7C00986B5C /* AutelDroneSession.swift in Sources */ = {isa = PBXBuildFile; fileRef = 242F5ABE279CAE7B00986B5C /* AutelDroneSession.swift */; };
		242F5AC9279CAE7C00986B5C /* AutelDroneSession+CameraCommand.swift in Sources */ = {isa = PBXBuildFile; fileRef = 242F5ABF279CAE7B00986B5C /* AutelDroneSession+CameraCommand.swift */; };
		242F5ACA279CAE7C00986B5C /* AutelAdapters.swift in Sources */ = {isa = PBXBuildFile; fileRef = 242F5AC0279CAE7B00986B5C /* AutelAdapters.swift */; };
		242F5ACB279CAE7C00986B5C /* AutelVirtualStickSession.swift in Sources */ = {isa = PBXBuildFile; fileRef = 242F5AC1279CAE7B00986B5C /* AutelVirtualStickSession.swift */; };
		242F5ACD279CAE7C00986B5C /* AutelDroneSession+DroneCommand.swift in Sources */ = {isa = PBXBuildFile; fileRef = 242F5AC3279CAE7B00986B5C /* AutelDroneSession+DroneCommand.swift */; };
		242F5AEC279CB4D300986B5C /* AUTELSDK.xcframework in Frameworks */ = {isa = PBXBuildFile; fileRef = 242F5AEB279CB4D300986B5C /* AUTELSDK.xcframework */; };
		244C7EB2236886E3005DA5D8 /* DronelinkAutel.swift in Sources */ = {isa = PBXBuildFile; fileRef = 244C7EB1236886E3005DA5D8 /* DronelinkAutel.swift */; };
		245227D22367617B00123D75 /* Extensions.swift in Sources */ = {isa = PBXBuildFile; fileRef = 245227D12367617B00123D75 /* Extensions.swift */; };
		246BB8E1236507D600A8E7D7 /* AutelDroneSession.swift in Sources */ = {isa = PBXBuildFile; fileRef = 246BB8E0236507D600A8E7D7 /* AutelDroneSession.swift */; };
		246BB8EB236710D900A8E7D7 /* AutelDroneSessionManager.swift in Sources */ = {isa = PBXBuildFile; fileRef = 246BB8EA236710D900A8E7D7 /* AutelDroneSessionManager.swift */; };
		879DB2E82A3B120D002CDDCA /* Localizable.strings in Resources */ = {isa = PBXBuildFile; fileRef = 879DB2E62A3B120D002CDDCA /* Localizable.strings */; };
/* End PBXBuildFile section */

/* Begin PBXCopyFilesBuildPhase section */
		2458F9A12793596F00F3FA22 /* CopyFiles */ = {
			isa = PBXCopyFilesBuildPhase;
			buildActionMask = 2147483647;
			dstPath = "";
			dstSubfolderSpec = 7;
			files = (
			);
			runOnlyForDeploymentPostprocessing = 0;
		};
/* End PBXCopyFilesBuildPhase section */

/* Begin PBXFileReference section */
		242F5ABB279CAE7B00986B5C /* AutelDroneSession+GimbalCommand.swift */ = {isa = PBXFileReference; fileEncoding = 4; lastKnownFileType = sourcecode.swift; path = "AutelDroneSession+GimbalCommand.swift"; sourceTree = "<group>"; };
		242F5ABC279CAE7B00986B5C /* AutelDroneSession+RemoteControllerCommand.swift */ = {isa = PBXFileReference; fileEncoding = 4; lastKnownFileType = sourcecode.swift; path = "AutelDroneSession+RemoteControllerCommand.swift"; sourceTree = "<group>"; };
		242F5ABD279CAE7B00986B5C /* AutelDroneSessionManager.swift */ = {isa = PBXFileReference; fileEncoding = 4; lastKnownFileType = sourcecode.swift; path = AutelDroneSessionManager.swift; sourceTree = "<group>"; };
		242F5ABE279CAE7B00986B5C /* AutelDroneSession.swift */ = {isa = PBXFileReference; fileEncoding = 4; lastKnownFileType = sourcecode.swift; path = AutelDroneSession.swift; sourceTree = "<group>"; };
		242F5ABF279CAE7B00986B5C /* AutelDroneSession+CameraCommand.swift */ = {isa = PBXFileReference; fileEncoding = 4; lastKnownFileType = sourcecode.swift; path = "AutelDroneSession+CameraCommand.swift"; sourceTree = "<group>"; };
		242F5AC0279CAE7B00986B5C /* AutelAdapters.swift */ = {isa = PBXFileReference; fileEncoding = 4; lastKnownFileType = sourcecode.swift; path = AutelAdapters.swift; sourceTree = "<group>"; };
		242F5AC1279CAE7B00986B5C /* AutelVirtualStickSession.swift */ = {isa = PBXFileReference; fileEncoding = 4; lastKnownFileType = sourcecode.swift; path = AutelVirtualStickSession.swift; sourceTree = "<group>"; };
		242F5AC3279CAE7B00986B5C /* AutelDroneSession+DroneCommand.swift */ = {isa = PBXFileReference; fileEncoding = 4; lastKnownFileType = sourcecode.swift; path = "AutelDroneSession+DroneCommand.swift"; sourceTree = "<group>"; };
		242F5AEB279CB4D300986B5C /* AUTELSDK.xcframework */ = {isa = PBXFileReference; lastKnownFileType = wrapper.xcframework; path = AUTELSDK.xcframework; sourceTree = "<group>"; };
		244C7EB1236886E3005DA5D8 /* DronelinkAutel.swift */ = {isa = PBXFileReference; lastKnownFileType = sourcecode.swift; path = DronelinkAutel.swift; sourceTree = "<group>"; };
		245227D12367617B00123D75 /* Extensions.swift */ = {isa = PBXFileReference; lastKnownFileType = sourcecode.swift; path = Extensions.swift; sourceTree = "<group>"; };
		246BB8D32364DA5300A8E7D7 /* DronelinkAutel.framework */ = {isa = PBXFileReference; explicitFileType = wrapper.framework; includeInIndex = 0; path = DronelinkAutel.framework; sourceTree = BUILT_PRODUCTS_DIR; };
		246BB8D72364DA5300A8E7D7 /* Info.plist */ = {isa = PBXFileReference; lastKnownFileType = text.plist.xml; path = Info.plist; sourceTree = "<group>"; };
		246BB8E0236507D600A8E7D7 /* AutelDroneSession.swift */ = {isa = PBXFileReference; lastKnownFileType = sourcecode.swift; path = AutelDroneSession.swift; sourceTree = "<group>"; };
		246BB8EA236710D900A8E7D7 /* AutelDroneSessionManager.swift */ = {isa = PBXFileReference; fileEncoding = 4; lastKnownFileType = sourcecode.swift; path = AutelDroneSessionManager.swift; sourceTree = "<group>"; };
		695112868FF2A04153ECD9E0 /* Pods-DronelinkDJI.debug.xcconfig */ = {isa = PBXFileReference; includeInIndex = 1; lastKnownFileType = text.xcconfig; name = "Pods-DronelinkDJI.debug.xcconfig"; path = "Target Support Files/Pods-DronelinkDJI/Pods-DronelinkDJI.debug.xcconfig"; sourceTree = "<group>"; };
		783BFA1A6B564C440D27C326 /* Pods-DronelinkAutel.debug.xcconfig */ = {isa = PBXFileReference; includeInIndex = 1; lastKnownFileType = text.xcconfig; name = "Pods-DronelinkAutel.debug.xcconfig"; path = "Target Support Files/Pods-DronelinkAutel/Pods-DronelinkAutel.debug.xcconfig"; sourceTree = "<group>"; };
		879DB2E72A3B120D002CDDCA /* Base */ = {isa = PBXFileReference; lastKnownFileType = text.plist.strings; name = Base; path = Base.lproj/Localizable.strings; sourceTree = "<group>"; };
		879DB2E92A3B12FF002CDDCA /* de */ = {isa = PBXFileReference; lastKnownFileType = text.plist.strings; name = de; path = de.lproj/Localizable.strings; sourceTree = "<group>"; };
		879DB2EA2A3B130C002CDDCA /* en */ = {isa = PBXFileReference; lastKnownFileType = text.plist.strings; name = en; path = en.lproj/Localizable.strings; sourceTree = "<group>"; };
		879DB2EB2A3B1315002CDDCA /* es */ = {isa = PBXFileReference; lastKnownFileType = text.plist.strings; name = es; path = es.lproj/Localizable.strings; sourceTree = "<group>"; };
		879DB2EC2A3B131F002CDDCA /* fr */ = {isa = PBXFileReference; lastKnownFileType = text.plist.strings; name = fr; path = fr.lproj/Localizable.strings; sourceTree = "<group>"; };
		879DB2ED2A3B132C002CDDCA /* hi */ = {isa = PBXFileReference; lastKnownFileType = text.plist.strings; name = hi; path = hi.lproj/Localizable.strings; sourceTree = "<group>"; };
		879DB2EE2A3B1336002CDDCA /* id */ = {isa = PBXFileReference; lastKnownFileType = text.plist.strings; name = id; path = id.lproj/Localizable.strings; sourceTree = "<group>"; };
		879DB2EF2A3B1340002CDDCA /* it */ = {isa = PBXFileReference; lastKnownFileType = text.plist.strings; name = it; path = it.lproj/Localizable.strings; sourceTree = "<group>"; };
		879DB2F02A3B1349002CDDCA /* pl */ = {isa = PBXFileReference; lastKnownFileType = text.plist.strings; name = pl; path = pl.lproj/Localizable.strings; sourceTree = "<group>"; };
		879DB2F12A3B1353002CDDCA /* pt */ = {isa = PBXFileReference; lastKnownFileType = text.plist.strings; name = pt; path = pt.lproj/Localizable.strings; sourceTree = "<group>"; };
		879DB2F22A3B135D002CDDCA /* ro */ = {isa = PBXFileReference; lastKnownFileType = text.plist.strings; name = ro; path = ro.lproj/Localizable.strings; sourceTree = "<group>"; };
		879DB2F32A3B1367002CDDCA /* ru */ = {isa = PBXFileReference; lastKnownFileType = text.plist.strings; name = ru; path = ru.lproj/Localizable.strings; sourceTree = "<group>"; };
		879DB2F42A3B136F002CDDCA /* sv */ = {isa = PBXFileReference; lastKnownFileType = text.plist.strings; name = sv; path = sv.lproj/Localizable.strings; sourceTree = "<group>"; };
		879DB2F52A3B1377002CDDCA /* ur */ = {isa = PBXFileReference; lastKnownFileType = text.plist.strings; name = ur; path = ur.lproj/Localizable.strings; sourceTree = "<group>"; };
		8D12599568A2594D5DA52674 /* Pods_DronelinkAutel.framework */ = {isa = PBXFileReference; explicitFileType = wrapper.framework; includeInIndex = 0; path = Pods_DronelinkAutel.framework; sourceTree = BUILT_PRODUCTS_DIR; };
		92EDC279B846082407647D1C /* Pods-DronelinkAutel.release.xcconfig */ = {isa = PBXFileReference; includeInIndex = 1; lastKnownFileType = text.xcconfig; name = "Pods-DronelinkAutel.release.xcconfig"; path = "Target Support Files/Pods-DronelinkAutel/Pods-DronelinkAutel.release.xcconfig"; sourceTree = "<group>"; };
		B6CEDAFE2C1B3CB703B2D885 /* Pods-DronelinkDJI.release.xcconfig */ = {isa = PBXFileReference; includeInIndex = 1; lastKnownFileType = text.xcconfig; name = "Pods-DronelinkDJI.release.xcconfig"; path = "Target Support Files/Pods-DronelinkDJI/Pods-DronelinkDJI.release.xcconfig"; sourceTree = "<group>"; };
/* End PBXFileReference section */

/* Begin PBXFrameworksBuildPhase section */
		246BB8D02364DA5300A8E7D7 /* Frameworks */ = {
			isa = PBXFrameworksBuildPhase;
			buildActionMask = 2147483647;
			files = (
				15EDB5D858BC1D43C48DC942 /* Pods_DronelinkAutel.framework in Frameworks */,
				242F5AEC279CB4D300986B5C /* AUTELSDK.xcframework in Frameworks */,
			);
			runOnlyForDeploymentPostprocessing = 0;
		};
/* End PBXFrameworksBuildPhase section */

/* Begin PBXGroup section */
		245227D32367620900123D75 /* Resources */ = {
			isa = PBXGroup;
			children = (
				242F5AEB279CB4D300986B5C /* AUTELSDK.xcframework */,
			);
			path = Resources;
			sourceTree = "<group>";
		};
		246BB8C92364DA5300A8E7D7 = {
			isa = PBXGroup;
			children = (
				246BB8D52364DA5300A8E7D7 /* DronelinkAutel */,
				246BB8D42364DA5300A8E7D7 /* Products */,
				EEB814A7DAEE17B98D0B6FD2 /* Pods */,
				D1C2E62E6DF7A40FDE627A00 /* Frameworks */,
			);
			sourceTree = "<group>";
		};
		246BB8D42364DA5300A8E7D7 /* Products */ = {
			isa = PBXGroup;
			children = (
				246BB8D32364DA5300A8E7D7 /* DronelinkAutel.framework */,
			);
			name = Products;
			sourceTree = "<group>";
		};
		246BB8D52364DA5300A8E7D7 /* DronelinkAutel */ = {
			isa = PBXGroup;
			children = (
				879DB2E62A3B120D002CDDCA /* Localizable.strings */,
				242F5AC0279CAE7B00986B5C /* AutelAdapters.swift */,
				246BB8E0236507D600A8E7D7 /* AutelDroneSession.swift */,
				246BB8EA236710D900A8E7D7 /* AutelDroneSessionManager.swift */,
				242F5ABE279CAE7B00986B5C /* AutelDroneSession.swift */,
				242F5ABF279CAE7B00986B5C /* AutelDroneSession+CameraCommand.swift */,
				242F5AC3279CAE7B00986B5C /* AutelDroneSession+DroneCommand.swift */,
				242F5ABB279CAE7B00986B5C /* AutelDroneSession+GimbalCommand.swift */,
				242F5ABC279CAE7B00986B5C /* AutelDroneSession+RemoteControllerCommand.swift */,
				242F5ABD279CAE7B00986B5C /* AutelDroneSessionManager.swift */,
				242F5AC1279CAE7B00986B5C /* AutelVirtualStickSession.swift */,
				244C7EB1236886E3005DA5D8 /* DronelinkAutel.swift */,
				245227D12367617B00123D75 /* Extensions.swift */,
				246BB8D72364DA5300A8E7D7 /* Info.plist */,
				245227D32367620900123D75 /* Resources */,
			);
			path = DronelinkAutel;
			sourceTree = "<group>";
		};
		D1C2E62E6DF7A40FDE627A00 /* Frameworks */ = {
			isa = PBXGroup;
			children = (
				8D12599568A2594D5DA52674 /* Pods_DronelinkAutel.framework */,
			);
			name = Frameworks;
			sourceTree = "<group>";
		};
		EEB814A7DAEE17B98D0B6FD2 /* Pods */ = {
			isa = PBXGroup;
			children = (
				695112868FF2A04153ECD9E0 /* Pods-DronelinkDJI.debug.xcconfig */,
				B6CEDAFE2C1B3CB703B2D885 /* Pods-DronelinkDJI.release.xcconfig */,
				783BFA1A6B564C440D27C326 /* Pods-DronelinkAutel.debug.xcconfig */,
				92EDC279B846082407647D1C /* Pods-DronelinkAutel.release.xcconfig */,
			);
			path = Pods;
			sourceTree = "<group>";
		};
/* End PBXGroup section */

/* Begin PBXHeadersBuildPhase section */
		246BB8CE2364DA5300A8E7D7 /* Headers */ = {
			isa = PBXHeadersBuildPhase;
			buildActionMask = 2147483647;
			files = (
			);
			runOnlyForDeploymentPostprocessing = 0;
		};
/* End PBXHeadersBuildPhase section */

/* Begin PBXNativeTarget section */
		246BB8D22364DA5300A8E7D7 /* DronelinkAutel */ = {
			isa = PBXNativeTarget;
			buildConfigurationList = 246BB8DB2364DA5300A8E7D7 /* Build configuration list for PBXNativeTarget "DronelinkAutel" */;
			buildPhases = (
				9A649D39851EB7D1B52D94C2 /* [CP] Check Pods Manifest.lock */,
				246BB8CE2364DA5300A8E7D7 /* Headers */,
				246BB8CF2364DA5300A8E7D7 /* Sources */,
				246BB8D02364DA5300A8E7D7 /* Frameworks */,
				246BB8D12364DA5300A8E7D7 /* Resources */,
				2458F9A12793596F00F3FA22 /* CopyFiles */,
			);
			buildRules = (
			);
			dependencies = (
			);
			name = DronelinkAutel;
			productName = DronelinkDJI;
			productReference = 246BB8D32364DA5300A8E7D7 /* DronelinkAutel.framework */;
			productType = "com.apple.product-type.framework";
		};
/* End PBXNativeTarget section */

/* Begin PBXProject section */
		246BB8CA2364DA5300A8E7D7 /* Project object */ = {
			isa = PBXProject;
			attributes = {
				LastUpgradeCheck = 1210;
				ORGANIZATIONNAME = Dronelink;
				TargetAttributes = {
					246BB8D22364DA5300A8E7D7 = {
						CreatedOnToolsVersion = 11.1;
						LastSwiftMigration = 1110;
					};
				};
			};
			buildConfigurationList = 246BB8CD2364DA5300A8E7D7 /* Build configuration list for PBXProject "DronelinkAutel" */;
			compatibilityVersion = "Xcode 9.3";
			developmentRegion = en;
			hasScannedForEncodings = 0;
			knownRegions = (
				en,
				Base,
				de,
				es,
				fr,
				hi,
				id,
				it,
				pl,
				pt,
				ro,
				ru,
				sv,
				ur,
			);
			mainGroup = 246BB8C92364DA5300A8E7D7;
			productRefGroup = 246BB8D42364DA5300A8E7D7 /* Products */;
			projectDirPath = "";
			projectRoot = "";
			targets = (
				246BB8D22364DA5300A8E7D7 /* DronelinkAutel */,
			);
		};
/* End PBXProject section */

/* Begin PBXResourcesBuildPhase section */
		246BB8D12364DA5300A8E7D7 /* Resources */ = {
			isa = PBXResourcesBuildPhase;
			buildActionMask = 2147483647;
			files = (
				879DB2E82A3B120D002CDDCA /* Localizable.strings in Resources */,
			);
			runOnlyForDeploymentPostprocessing = 0;
		};
/* End PBXResourcesBuildPhase section */

/* Begin PBXShellScriptBuildPhase section */
		9A649D39851EB7D1B52D94C2 /* [CP] Check Pods Manifest.lock */ = {
			isa = PBXShellScriptBuildPhase;
			buildActionMask = 2147483647;
			files = (
			);
			inputFileListPaths = (
			);
			inputPaths = (
				"${PODS_PODFILE_DIR_PATH}/Podfile.lock",
				"${PODS_ROOT}/Manifest.lock",
			);
			name = "[CP] Check Pods Manifest.lock";
			outputFileListPaths = (
			);
			outputPaths = (
				"$(DERIVED_FILE_DIR)/Pods-DronelinkAutel-checkManifestLockResult.txt",
			);
			runOnlyForDeploymentPostprocessing = 0;
			shellPath = /bin/sh;
			shellScript = "diff \"${PODS_PODFILE_DIR_PATH}/Podfile.lock\" \"${PODS_ROOT}/Manifest.lock\" > /dev/null\nif [ $? != 0 ] ; then\n    # print error to STDERR\n    echo \"error: The sandbox is not in sync with the Podfile.lock. Run 'pod install' or update your CocoaPods installation.\" >&2\n    exit 1\nfi\n# This output is used by Xcode 'outputs' to avoid re-running this script phase.\necho \"SUCCESS\" > \"${SCRIPT_OUTPUT_FILE_0}\"\n";
			showEnvVarsInLog = 0;
		};
/* End PBXShellScriptBuildPhase section */

/* Begin PBXSourcesBuildPhase section */
		246BB8CF2364DA5300A8E7D7 /* Sources */ = {
			isa = PBXSourcesBuildPhase;
			buildActionMask = 2147483647;
			files = (
				242F5ACD279CAE7C00986B5C /* AutelDroneSession+DroneCommand.swift in Sources */,
				242F5ACA279CAE7C00986B5C /* AutelAdapters.swift in Sources */,
				242F5AC9279CAE7C00986B5C /* AutelDroneSession+CameraCommand.swift in Sources */,
				244C7EB2236886E3005DA5D8 /* DronelinkAutel.swift in Sources */,
				245227D22367617B00123D75 /* Extensions.swift in Sources */,
				242F5AC6279CAE7C00986B5C /* AutelDroneSession+RemoteControllerCommand.swift in Sources */,
				242F5AC7279CAE7C00986B5C /* AutelDroneSessionManager.swift in Sources */,
				246BB8EB236710D900A8E7D7 /* AutelDroneSessionManager.swift in Sources */,
				242F5AC5279CAE7C00986B5C /* AutelDroneSession+GimbalCommand.swift in Sources */,
				242F5AC8279CAE7C00986B5C /* AutelDroneSession.swift in Sources */,
				242F5ACB279CAE7C00986B5C /* AutelVirtualStickSession.swift in Sources */,
				246BB8E1236507D600A8E7D7 /* AutelDroneSession.swift in Sources */,
			);
			runOnlyForDeploymentPostprocessing = 0;
		};
/* End PBXSourcesBuildPhase section */

/* Begin PBXVariantGroup section */
		879DB2E62A3B120D002CDDCA /* Localizable.strings */ = {
			isa = PBXVariantGroup;
			children = (
				879DB2E72A3B120D002CDDCA /* Base */,
				879DB2E92A3B12FF002CDDCA /* de */,
				879DB2EA2A3B130C002CDDCA /* en */,
				879DB2EB2A3B1315002CDDCA /* es */,
				879DB2EC2A3B131F002CDDCA /* fr */,
				879DB2ED2A3B132C002CDDCA /* hi */,
				879DB2EE2A3B1336002CDDCA /* id */,
				879DB2EF2A3B1340002CDDCA /* it */,
				879DB2F02A3B1349002CDDCA /* pl */,
				879DB2F12A3B1353002CDDCA /* pt */,
				879DB2F22A3B135D002CDDCA /* ro */,
				879DB2F32A3B1367002CDDCA /* ru */,
				879DB2F42A3B136F002CDDCA /* sv */,
				879DB2F52A3B1377002CDDCA /* ur */,
			);
			name = Localizable.strings;
			sourceTree = "<group>";
		};
/* End PBXVariantGroup section */

/* Begin XCBuildConfiguration section */
		246BB8D92364DA5300A8E7D7 /* Debug */ = {
			isa = XCBuildConfiguration;
			buildSettings = {
				ALWAYS_SEARCH_USER_PATHS = NO;
				CLANG_ANALYZER_NONNULL = YES;
				CLANG_ANALYZER_NUMBER_OBJECT_CONVERSION = YES_AGGRESSIVE;
				CLANG_CXX_LANGUAGE_STANDARD = "gnu++14";
				CLANG_CXX_LIBRARY = "libc++";
				CLANG_ENABLE_MODULES = YES;
				CLANG_ENABLE_OBJC_ARC = YES;
				CLANG_ENABLE_OBJC_WEAK = YES;
				CLANG_WARN_BLOCK_CAPTURE_AUTORELEASING = YES;
				CLANG_WARN_BOOL_CONVERSION = YES;
				CLANG_WARN_COMMA = YES;
				CLANG_WARN_CONSTANT_CONVERSION = YES;
				CLANG_WARN_DEPRECATED_OBJC_IMPLEMENTATIONS = YES;
				CLANG_WARN_DIRECT_OBJC_ISA_USAGE = YES_ERROR;
				CLANG_WARN_DOCUMENTATION_COMMENTS = YES;
				CLANG_WARN_EMPTY_BODY = YES;
				CLANG_WARN_ENUM_CONVERSION = YES;
				CLANG_WARN_INFINITE_RECURSION = YES;
				CLANG_WARN_INT_CONVERSION = YES;
				CLANG_WARN_NON_LITERAL_NULL_CONVERSION = YES;
				CLANG_WARN_OBJC_IMPLICIT_RETAIN_SELF = YES;
				CLANG_WARN_OBJC_LITERAL_CONVERSION = YES;
				CLANG_WARN_OBJC_ROOT_CLASS = YES_ERROR;
				CLANG_WARN_QUOTED_INCLUDE_IN_FRAMEWORK_HEADER = YES;
				CLANG_WARN_RANGE_LOOP_ANALYSIS = YES;
				CLANG_WARN_STRICT_PROTOTYPES = YES;
				CLANG_WARN_SUSPICIOUS_MOVE = YES;
				CLANG_WARN_UNGUARDED_AVAILABILITY = YES_AGGRESSIVE;
				CLANG_WARN_UNREACHABLE_CODE = YES;
				CLANG_WARN__DUPLICATE_METHOD_MATCH = YES;
				COPY_PHASE_STRIP = NO;
				CURRENT_PROJECT_VERSION = 1;
				DEBUG_INFORMATION_FORMAT = dwarf;
				ENABLE_STRICT_OBJC_MSGSEND = YES;
				ENABLE_TESTABILITY = YES;
				GCC_C_LANGUAGE_STANDARD = gnu11;
				GCC_DYNAMIC_NO_PIC = NO;
				GCC_NO_COMMON_BLOCKS = YES;
				GCC_OPTIMIZATION_LEVEL = 0;
				GCC_PREPROCESSOR_DEFINITIONS = (
					"DEBUG=1",
					"$(inherited)",
				);
				GCC_WARN_64_TO_32_BIT_CONVERSION = YES;
				GCC_WARN_ABOUT_RETURN_TYPE = YES_ERROR;
				GCC_WARN_UNDECLARED_SELECTOR = YES;
				GCC_WARN_UNINITIALIZED_AUTOS = YES_AGGRESSIVE;
				GCC_WARN_UNUSED_FUNCTION = YES;
				GCC_WARN_UNUSED_VARIABLE = YES;
				IPHONEOS_DEPLOYMENT_TARGET = 12.0;
				MTL_ENABLE_DEBUG_INFO = INCLUDE_SOURCE;
				MTL_FAST_MATH = YES;
				ONLY_ACTIVE_ARCH = YES;
				SDKROOT = iphoneos;
				SWIFT_ACTIVE_COMPILATION_CONDITIONS = DEBUG;
				SWIFT_OPTIMIZATION_LEVEL = "-Onone";
				VERSIONING_SYSTEM = "apple-generic";
				VERSION_INFO_PREFIX = "";
			};
			name = Debug;
		};
		246BB8DA2364DA5300A8E7D7 /* Release */ = {
			isa = XCBuildConfiguration;
			buildSettings = {
				ALWAYS_SEARCH_USER_PATHS = NO;
				CLANG_ANALYZER_NONNULL = YES;
				CLANG_ANALYZER_NUMBER_OBJECT_CONVERSION = YES_AGGRESSIVE;
				CLANG_CXX_LANGUAGE_STANDARD = "gnu++14";
				CLANG_CXX_LIBRARY = "libc++";
				CLANG_ENABLE_MODULES = YES;
				CLANG_ENABLE_OBJC_ARC = YES;
				CLANG_ENABLE_OBJC_WEAK = YES;
				CLANG_WARN_BLOCK_CAPTURE_AUTORELEASING = YES;
				CLANG_WARN_BOOL_CONVERSION = YES;
				CLANG_WARN_COMMA = YES;
				CLANG_WARN_CONSTANT_CONVERSION = YES;
				CLANG_WARN_DEPRECATED_OBJC_IMPLEMENTATIONS = YES;
				CLANG_WARN_DIRECT_OBJC_ISA_USAGE = YES_ERROR;
				CLANG_WARN_DOCUMENTATION_COMMENTS = YES;
				CLANG_WARN_EMPTY_BODY = YES;
				CLANG_WARN_ENUM_CONVERSION = YES;
				CLANG_WARN_INFINITE_RECURSION = YES;
				CLANG_WARN_INT_CONVERSION = YES;
				CLANG_WARN_NON_LITERAL_NULL_CONVERSION = YES;
				CLANG_WARN_OBJC_IMPLICIT_RETAIN_SELF = YES;
				CLANG_WARN_OBJC_LITERAL_CONVERSION = YES;
				CLANG_WARN_OBJC_ROOT_CLASS = YES_ERROR;
				CLANG_WARN_QUOTED_INCLUDE_IN_FRAMEWORK_HEADER = YES;
				CLANG_WARN_RANGE_LOOP_ANALYSIS = YES;
				CLANG_WARN_STRICT_PROTOTYPES = YES;
				CLANG_WARN_SUSPICIOUS_MOVE = YES;
				CLANG_WARN_UNGUARDED_AVAILABILITY = YES_AGGRESSIVE;
				CLANG_WARN_UNREACHABLE_CODE = YES;
				CLANG_WARN__DUPLICATE_METHOD_MATCH = YES;
				COPY_PHASE_STRIP = NO;
				CURRENT_PROJECT_VERSION = 1;
				DEBUG_INFORMATION_FORMAT = "dwarf-with-dsym";
				ENABLE_NS_ASSERTIONS = NO;
				ENABLE_STRICT_OBJC_MSGSEND = YES;
				GCC_C_LANGUAGE_STANDARD = gnu11;
				GCC_NO_COMMON_BLOCKS = YES;
				GCC_WARN_64_TO_32_BIT_CONVERSION = YES;
				GCC_WARN_ABOUT_RETURN_TYPE = YES_ERROR;
				GCC_WARN_UNDECLARED_SELECTOR = YES;
				GCC_WARN_UNINITIALIZED_AUTOS = YES_AGGRESSIVE;
				GCC_WARN_UNUSED_FUNCTION = YES;
				GCC_WARN_UNUSED_VARIABLE = YES;
				IPHONEOS_DEPLOYMENT_TARGET = 12.0;
				MTL_ENABLE_DEBUG_INFO = NO;
				MTL_FAST_MATH = YES;
				SDKROOT = iphoneos;
				SWIFT_COMPILATION_MODE = wholemodule;
				SWIFT_OPTIMIZATION_LEVEL = "-O";
				VALIDATE_PRODUCT = YES;
				VERSIONING_SYSTEM = "apple-generic";
				VERSION_INFO_PREFIX = "";
			};
			name = Release;
		};
		246BB8DC2364DA5300A8E7D7 /* Debug */ = {
			isa = XCBuildConfiguration;
			baseConfigurationReference = 783BFA1A6B564C440D27C326 /* Pods-DronelinkAutel.debug.xcconfig */;
			buildSettings = {
				CLANG_ENABLE_MODULES = YES;
				CODE_SIGN_STYLE = Automatic;
				DEFINES_MODULE = YES;
				DEVELOPMENT_TEAM = HB9BS895PG;
				DYLIB_COMPATIBILITY_VERSION = 1;
				DYLIB_CURRENT_VERSION = 1;
				DYLIB_INSTALL_NAME_BASE = "@rpath";
				ENABLE_BITCODE = NO;
				INFOPLIST_FILE = DronelinkAutel/Info.plist;
				INSTALL_PATH = "$(LOCAL_LIBRARY_DIR)/Frameworks";
				IPHONEOS_DEPLOYMENT_TARGET = 12.0;
				LD_RUNPATH_SEARCH_PATHS = (
					"$(inherited)",
					"@executable_path/Frameworks",
					"@loader_path/Frameworks",
				);
				MARKETING_VERSION = 1.0.0;
				PRODUCT_BUNDLE_IDENTIFIER = com.dronelink.DronelinkAutel;
				PRODUCT_NAME = "$(TARGET_NAME:c99extidentifier)";
				SKIP_INSTALL = YES;
				SUPPORTS_MACCATALYST = NO;
				SWIFT_OPTIMIZATION_LEVEL = "-Onone";
				SWIFT_VERSION = 5.0;
				TARGETED_DEVICE_FAMILY = "1,2";
			};
			name = Debug;
		};
		246BB8DD2364DA5300A8E7D7 /* Release */ = {
			isa = XCBuildConfiguration;
			baseConfigurationReference = 92EDC279B846082407647D1C /* Pods-DronelinkAutel.release.xcconfig */;
			buildSettings = {
				CLANG_ENABLE_MODULES = YES;
				CODE_SIGN_STYLE = Automatic;
				DEFINES_MODULE = YES;
				DEVELOPMENT_TEAM = HB9BS895PG;
				DYLIB_COMPATIBILITY_VERSION = 1;
				DYLIB_CURRENT_VERSION = 1;
				DYLIB_INSTALL_NAME_BASE = "@rpath";
				ENABLE_BITCODE = NO;
				INFOPLIST_FILE = DronelinkAutel/Info.plist;
				INSTALL_PATH = "$(LOCAL_LIBRARY_DIR)/Frameworks";
				IPHONEOS_DEPLOYMENT_TARGET = 12.0;
				LD_RUNPATH_SEARCH_PATHS = (
					"$(inherited)",
					"@executable_path/Frameworks",
					"@loader_path/Frameworks",
				);
				MARKETING_VERSION = 1.0.0;
				PRODUCT_BUNDLE_IDENTIFIER = com.dronelink.DronelinkAutel;
				PRODUCT_NAME = "$(TARGET_NAME:c99extidentifier)";
				SKIP_INSTALL = YES;
				SUPPORTS_MACCATALYST = NO;
				SWIFT_VERSION = 5.0;
				TARGETED_DEVICE_FAMILY = "1,2";
			};
			name = Release;
		};
/* End XCBuildConfiguration section */

/* Begin XCConfigurationList section */
		246BB8CD2364DA5300A8E7D7 /* Build configuration list for PBXProject "DronelinkAutel" */ = {
			isa = XCConfigurationList;
			buildConfigurations = (
				246BB8D92364DA5300A8E7D7 /* Debug */,
				246BB8DA2364DA5300A8E7D7 /* Release */,
			);
			defaultConfigurationIsVisible = 0;
			defaultConfigurationName = Release;
		};
		246BB8DB2364DA5300A8E7D7 /* Build configuration list for PBXNativeTarget "DronelinkAutel" */ = {
			isa = XCConfigurationList;
			buildConfigurations = (
				246BB8DC2364DA5300A8E7D7 /* Debug */,
				246BB8DD2364DA5300A8E7D7 /* Release */,
			);
			defaultConfigurationIsVisible = 0;
			defaultConfigurationName = Release;
		};
/* End XCConfigurationList section */
	};
	rootObject = 246BB8CA2364DA5300A8E7D7 /* Project object */;
}
